
Microsoft Visual Studio Solution File, Format Version 12.00
# Visual Studio Version 17
VisualStudioVersion = 17.2.32516.85
MinimumVisualStudioVersion = 10.0.40219.1
Project("{FAE04EC0-301F-11D3-BF4B-00C04F79EFBC}") = "ServerLab3", "ServerLab3\ServerLab3.csproj", "{006D754B-9E11-436F-BA3E-F615FEE830FC}"
EndProject
Global
	GlobalSection(SolutionConfigurationPlatforms) = preSolution
		Debug|Any CPU = Debug|Any CPU
		Release|Any CPU = Release|Any CPU
	EndGlobalSection
	GlobalSection(ProjectConfigurationPlatforms) = postSolution
		{006D754B-9E11-436F-BA3E-F615FEE830FC}.Debug|Any CPU.ActiveCfg = Debug|Any CPU
		{006D754B-9E11-436F-BA3E-F615FEE830FC}.Debug|Any CPU.Build.0 = Debug|Any CPU
		{006D754B-9E11-436F-BA3E-F615FEE830FC}.Release|Any CPU.ActiveCfg = Release|Any CPU
		{006D754B-9E11-436F-BA3E-F615FEE830FC}.Release|Any CPU.Build.0 = Release|Any CPU
	EndGlobalSection
	GlobalSection(SolutionProperties) = preSolution
		HideSolutionNode = FALSE
	EndGlobalSection
	GlobalSection(ExtensibilityGlobals) = postSolution
		SolutionGuid = {A6AF442F-0C27-47E0-A82D-CBF5901A11A4}
	EndGlobalSection
EndGlobal
